// !$*UTF8*$!
{
	archiveVersion = 1;
	classes = {
	};
	objectVersion = 56;
	objects = {

/* Begin PBXBuildFile section */
		63221DFD2BFF67C6005B1632 /* AppDelegate.swift in Sources */ = {isa = PBXBuildFile; fileRef = 63221DFC2BFF67C6005B1632 /* AppDelegate.swift */; };
		63221DFF2BFF67C6005B1632 /* SceneDelegate.swift in Sources */ = {isa = PBXBuildFile; fileRef = 63221DFE2BFF67C6005B1632 /* SceneDelegate.swift */; };
		63221E042BFF67C6005B1632 /* Main.storyboard in Resources */ = {isa = PBXBuildFile; fileRef = 63221E022BFF67C6005B1632 /* Main.storyboard */; };
		63221E062BFF67C7005B1632 /* Assets.xcassets in Resources */ = {isa = PBXBuildFile; fileRef = 63221E052BFF67C7005B1632 /* Assets.xcassets */; };
		63221E092BFF67C7005B1632 /* LaunchScreen.storyboard in Resources */ = {isa = PBXBuildFile; fileRef = 63221E072BFF67C7005B1632 /* LaunchScreen.storyboard */; };
		638A54EF2C01E54E001B92D4 /* WeatherManager.swift in Sources */ = {isa = PBXBuildFile; fileRef = 638A54EE2C01E54E001B92D4 /* WeatherManager.swift */; };
		638A54F22C02052F001B92D4 /* WeatherData.swift in Sources */ = {isa = PBXBuildFile; fileRef = 638A54F12C02052F001B92D4 /* WeatherData.swift */; };
		638A54F42C0211DC001B92D4 /* WeatherModel.swift in Sources */ = {isa = PBXBuildFile; fileRef = 638A54F32C0211DC001B92D4 /* WeatherModel.swift */; };
		63DA8CAA2D2EACF600CDBFB5 /* WeatherView.swift in Sources */ = {isa = PBXBuildFile; fileRef = 63DA8CA92D2EACF600CDBFB5 /* WeatherView.swift */; };
		63DA8CAC2D2EAFEB00CDBFB5 /* SunriseSunsetView.swift in Sources */ = {isa = PBXBuildFile; fileRef = 63DA8CAB2D2EAFEB00CDBFB5 /* SunriseSunsetView.swift */; };
		63F249AF2D2FD4B500980BDA /* InfoView.swift in Sources */ = {isa = PBXBuildFile; fileRef = 63F249AE2D2FD4B500980BDA /* InfoView.swift */; };
		63F249B12D2FDD0600980BDA /* MainViewController.swift in Sources */ = {isa = PBXBuildFile; fileRef = 63F249B02D2FDD0600980BDA /* MainViewController.swift */; };
/* End PBXBuildFile section */

/* Begin PBXFileReference section */
		63221DF92BFF67C6005B1632 /* Weather Update.app */ = {isa = PBXFileReference; explicitFileType = wrapper.application; includeInIndex = 0; path = "Weather Update.app"; sourceTree = BUILT_PRODUCTS_DIR; };
		63221DFC2BFF67C6005B1632 /* AppDelegate.swift */ = {isa = PBXFileReference; lastKnownFileType = sourcecode.swift; path = AppDelegate.swift; sourceTree = "<group>"; };
		63221DFE2BFF67C6005B1632 /* SceneDelegate.swift */ = {isa = PBXFileReference; lastKnownFileType = sourcecode.swift; path = SceneDelegate.swift; sourceTree = "<group>"; };
		63221E032BFF67C6005B1632 /* Base */ = {isa = PBXFileReference; lastKnownFileType = file.storyboard; name = Base; path = Base.lproj/Main.storyboard; sourceTree = "<group>"; };
		63221E052BFF67C7005B1632 /* Assets.xcassets */ = {isa = PBXFileReference; lastKnownFileType = folder.assetcatalog; path = Assets.xcassets; sourceTree = "<group>"; };
		63221E082BFF67C7005B1632 /* Base */ = {isa = PBXFileReference; lastKnownFileType = file.storyboard; name = Base; path = Base.lproj/LaunchScreen.storyboard; sourceTree = "<group>"; };
		63221E0A2BFF67C7005B1632 /* Info.plist */ = {isa = PBXFileReference; lastKnownFileType = text.plist.xml; path = Info.plist; sourceTree = "<group>"; };
		638A54EE2C01E54E001B92D4 /* WeatherManager.swift */ = {isa = PBXFileReference; lastKnownFileType = sourcecode.swift; path = WeatherManager.swift; sourceTree = "<group>"; };
		638A54F12C02052F001B92D4 /* WeatherData.swift */ = {isa = PBXFileReference; lastKnownFileType = sourcecode.swift; path = WeatherData.swift; sourceTree = "<group>"; };
		638A54F32C0211DC001B92D4 /* WeatherModel.swift */ = {isa = PBXFileReference; lastKnownFileType = sourcecode.swift; path = WeatherModel.swift; sourceTree = "<group>"; };
		63DA8CA92D2EACF600CDBFB5 /* WeatherView.swift */ = {isa = PBXFileReference; lastKnownFileType = sourcecode.swift; path = WeatherView.swift; sourceTree = "<group>"; };
		63DA8CAB2D2EAFEB00CDBFB5 /* SunriseSunsetView.swift */ = {isa = PBXFileReference; lastKnownFileType = sourcecode.swift; path = SunriseSunsetView.swift; sourceTree = "<group>"; };
		63F249AE2D2FD4B500980BDA /* InfoView.swift */ = {isa = PBXFileReference; lastKnownFileType = sourcecode.swift; path = InfoView.swift; sourceTree = "<group>"; };
		63F249B02D2FDD0600980BDA /* MainViewController.swift */ = {isa = PBXFileReference; lastKnownFileType = sourcecode.swift; path = MainViewController.swift; sourceTree = "<group>"; };
/* End PBXFileReference section */

/* Begin PBXFrameworksBuildPhase section */
		63221DF62BFF67C6005B1632 /* Frameworks */ = {
			isa = PBXFrameworksBuildPhase;
			buildActionMask = 2147483647;
			files = (
			);
			runOnlyForDeploymentPostprocessing = 0;
		};
/* End PBXFrameworksBuildPhase section */

/* Begin PBXGroup section */
		63221DF02BFF67C6005B1632 = {
			isa = PBXGroup;
			children = (
				63221DFB2BFF67C6005B1632 /* Weather Update */,
				63221DFA2BFF67C6005B1632 /* Products */,
			);
			sourceTree = "<group>";
		};
		63221DFA2BFF67C6005B1632 /* Products */ = {
			isa = PBXGroup;
			children = (
				63221DF92BFF67C6005B1632 /* Weather Update.app */,
			);
			name = Products;
			sourceTree = "<group>";
		};
		63221DFB2BFF67C6005B1632 /* Weather Update */ = {
			isa = PBXGroup;
			children = (
				63221DFC2BFF67C6005B1632 /* AppDelegate.swift */,
				63221DFE2BFF67C6005B1632 /* SceneDelegate.swift */,
				638A54F02C01E556001B92D4 /* Model */,
				638A54ED2C01E4F5001B92D4 /* View */,
				638A54EC2C01E4DE001B92D4 /* Controller */,
				63221E052BFF67C7005B1632 /* Assets.xcassets */,
				63221E072BFF67C7005B1632 /* LaunchScreen.storyboard */,
				63221E0A2BFF67C7005B1632 /* Info.plist */,
			);
			path = "Weather Update";
			sourceTree = "<group>";
		};
		638A54EC2C01E4DE001B92D4 /* Controller */ = {
			isa = PBXGroup;
			children = (
				63F249B02D2FDD0600980BDA /* MainViewController.swift */,
			);
			path = Controller;
			sourceTree = "<group>";
		};
		638A54ED2C01E4F5001B92D4 /* View */ = {
			isa = PBXGroup;
			children = (
				63221E022BFF67C6005B1632 /* Main.storyboard */,
				63F249AE2D2FD4B500980BDA /* InfoView.swift */,
				63DA8CAB2D2EAFEB00CDBFB5 /* SunriseSunsetView.swift */,
				63DA8CA92D2EACF600CDBFB5 /* WeatherView.swift */,
			);
			path = View;
			sourceTree = "<group>";
		};
		638A54F02C01E556001B92D4 /* Model */ = {
			isa = PBXGroup;
			children = (
				638A54EE2C01E54E001B92D4 /* WeatherManager.swift */,
				638A54F12C02052F001B92D4 /* WeatherData.swift */,
				638A54F32C0211DC001B92D4 /* WeatherModel.swift */,
			);
			path = Model;
			sourceTree = "<group>";
		};
/* End PBXGroup section */

/* Begin PBXNativeTarget section */
		63221DF82BFF67C6005B1632 /* Weather Update */ = {
			isa = PBXNativeTarget;
			buildConfigurationList = 63221E0D2BFF67C7005B1632 /* Build configuration list for PBXNativeTarget "Weather Update" */;
			buildPhases = (
				63221DF52BFF67C6005B1632 /* Sources */,
				63221DF62BFF67C6005B1632 /* Frameworks */,
				63221DF72BFF67C6005B1632 /* Resources */,
			);
			buildRules = (
			);
			dependencies = (
			);
			name = "Weather Update";
			productName = "Weather Update";
			productReference = 63221DF92BFF67C6005B1632 /* Weather Update.app */;
			productType = "com.apple.product-type.application";
		};
/* End PBXNativeTarget section */

/* Begin PBXProject section */
		63221DF12BFF67C6005B1632 /* Project object */ = {
			isa = PBXProject;
			attributes = {
				BuildIndependentTargetsInParallel = 1;
				LastSwiftUpdateCheck = 1510;
				LastUpgradeCheck = 1510;
				TargetAttributes = {
					63221DF82BFF67C6005B1632 = {
						CreatedOnToolsVersion = 15.1;
					};
				};
			};
			buildConfigurationList = 63221DF42BFF67C6005B1632 /* Build configuration list for PBXProject "Weather Update" */;
			compatibilityVersion = "Xcode 14.0";
			developmentRegion = en;
			hasScannedForEncodings = 0;
			knownRegions = (
				en,
				Base,
			);
			mainGroup = 63221DF02BFF67C6005B1632;
			productRefGroup = 63221DFA2BFF67C6005B1632 /* Products */;
			projectDirPath = "";
			projectRoot = "";
			targets = (
				63221DF82BFF67C6005B1632 /* Weather Update */,
			);
		};
/* End PBXProject section */

/* Begin PBXResourcesBuildPhase section */
		63221DF72BFF67C6005B1632 /* Resources */ = {
			isa = PBXResourcesBuildPhase;
			buildActionMask = 2147483647;
			files = (
				63221E092BFF67C7005B1632 /* LaunchScreen.storyboard in Resources */,
				63221E062BFF67C7005B1632 /* Assets.xcassets in Resources */,
				63221E042BFF67C6005B1632 /* Main.storyboard in Resources */,
			);
			runOnlyForDeploymentPostprocessing = 0;
		};
/* End PBXResourcesBuildPhase section */

/* Begin PBXSourcesBuildPhase section */
		63221DF52BFF67C6005B1632 /* Sources */ = {
			isa = PBXSourcesBuildPhase;
			buildActionMask = 2147483647;
			files = (
				638A54F22C02052F001B92D4 /* WeatherData.swift in Sources */,
				63221DFD2BFF67C6005B1632 /* AppDelegate.swift in Sources */,
				638A54EF2C01E54E001B92D4 /* WeatherManager.swift in Sources */,
				638A54F42C0211DC001B92D4 /* WeatherModel.swift in Sources */,
				63DA8CAA2D2EACF600CDBFB5 /* WeatherView.swift in Sources */,
				63221DFF2BFF67C6005B1632 /* SceneDelegate.swift in Sources */,
				63F249AF2D2FD4B500980BDA /* InfoView.swift in Sources */,
				63DA8CAC2D2EAFEB00CDBFB5 /* SunriseSunsetView.swift in Sources */,
				63F249B12D2FDD0600980BDA /* MainViewController.swift in Sources */,
			);
			runOnlyForDeploymentPostprocessing = 0;
		};
/* End PBXSourcesBuildPhase section */

/* Begin PBXVariantGroup section */
		63221E022BFF67C6005B1632 /* Main.storyboard */ = {
			isa = PBXVariantGroup;
			children = (
				63221E032BFF67C6005B1632 /* Base */,
			);
			name = Main.storyboard;
			sourceTree = "<group>";
		};
		63221E072BFF67C7005B1632 /* LaunchScreen.storyboard */ = {
			isa = PBXVariantGroup;
			children = (
				63221E082BFF67C7005B1632 /* Base */,
			);
			name = LaunchScreen.storyboard;
			sourceTree = "<group>";
		};
/* End PBXVariantGroup section */

/* Begin XCBuildConfiguration section */
		63221E0B2BFF67C7005B1632 /* Debug */ = {
			isa = XCBuildConfiguration;
			buildSettings = {
				ALWAYS_SEARCH_USER_PATHS = NO;
				ASSETCATALOG_COMPILER_GENERATE_SWIFT_ASSET_SYMBOL_EXTENSIONS = YES;
				CLANG_ANALYZER_NONNULL = YES;
				CLANG_ANALYZER_NUMBER_OBJECT_CONVERSION = YES_AGGRESSIVE;
				CLANG_CXX_LANGUAGE_STANDARD = "gnu++20";
				CLANG_ENABLE_MODULES = YES;
				CLANG_ENABLE_OBJC_ARC = YES;
				CLANG_ENABLE_OBJC_WEAK = YES;
				CLANG_WARN_BLOCK_CAPTURE_AUTORELEASING = YES;
				CLANG_WARN_BOOL_CONVERSION = YES;
				CLANG_WARN_COMMA = YES;
				CLANG_WARN_CONSTANT_CONVERSION = YES;
				CLANG_WARN_DEPRECATED_OBJC_IMPLEMENTATIONS = YES;
				CLANG_WARN_DIRECT_OBJC_ISA_USAGE = YES_ERROR;
				CLANG_WARN_DOCUMENTATION_COMMENTS = YES;
				CLANG_WARN_EMPTY_BODY = YES;
				CLANG_WARN_ENUM_CONVERSION = YES;
				CLANG_WARN_INFINITE_RECURSION = YES;
				CLANG_WARN_INT_CONVERSION = YES;
				CLANG_WARN_NON_LITERAL_NULL_CONVERSION = YES;
				CLANG_WARN_OBJC_IMPLICIT_RETAIN_SELF = YES;
				CLANG_WARN_OBJC_LITERAL_CONVERSION = YES;
				CLANG_WARN_OBJC_ROOT_CLASS = YES_ERROR;
				CLANG_WARN_QUOTED_INCLUDE_IN_FRAMEWORK_HEADER = YES;
				CLANG_WARN_RANGE_LOOP_ANALYSIS = YES;
				CLANG_WARN_STRICT_PROTOTYPES = YES;
				CLANG_WARN_SUSPICIOUS_MOVE = YES;
				CLANG_WARN_UNGUARDED_AVAILABILITY = YES_AGGRESSIVE;
				CLANG_WARN_UNREACHABLE_CODE = YES;
				CLANG_WARN__DUPLICATE_METHOD_MATCH = YES;
				COPY_PHASE_STRIP = NO;
				DEBUG_INFORMATION_FORMAT = dwarf;
				ENABLE_STRICT_OBJC_MSGSEND = YES;
				ENABLE_TESTABILITY = YES;
				ENABLE_USER_SCRIPT_SANDBOXING = YES;
				GCC_C_LANGUAGE_STANDARD = gnu17;
				GCC_DYNAMIC_NO_PIC = NO;
				GCC_NO_COMMON_BLOCKS = YES;
				GCC_OPTIMIZATION_LEVEL = 0;
				GCC_PREPROCESSOR_DEFINITIONS = (
					"DEBUG=1",
					"$(inherited)",
				);
				GCC_WARN_64_TO_32_BIT_CONVERSION = YES;
				GCC_WARN_ABOUT_RETURN_TYPE = YES_ERROR;
				GCC_WARN_UNDECLARED_SELECTOR = YES;
				GCC_WARN_UNINITIALIZED_AUTOS = YES_AGGRESSIVE;
				GCC_WARN_UNUSED_FUNCTION = YES;
				GCC_WARN_UNUSED_VARIABLE = YES;
				IPHONEOS_DEPLOYMENT_TARGET = 17.2;
				LOCALIZATION_PREFERS_STRING_CATALOGS = YES;
				MTL_ENABLE_DEBUG_INFO = INCLUDE_SOURCE;
				MTL_FAST_MATH = YES;
				ONLY_ACTIVE_ARCH = YES;
				SDKROOT = iphoneos;
				SWIFT_ACTIVE_COMPILATION_CONDITIONS = "DEBUG $(inherited)";
				SWIFT_OPTIMIZATION_LEVEL = "-Onone";
			};
			name = Debug;
		};
		63221E0C2BFF67C7005B1632 /* Release */ = {
			isa = XCBuildConfiguration;
			buildSettings = {
				ALWAYS_SEARCH_USER_PATHS = NO;
				ASSETCATALOG_COMPILER_GENERATE_SWIFT_ASSET_SYMBOL_EXTENSIONS = YES;
				CLANG_ANALYZER_NONNULL = YES;
				CLANG_ANALYZER_NUMBER_OBJECT_CONVERSION = YES_AGGRESSIVE;
				CLANG_CXX_LANGUAGE_STANDARD = "gnu++20";
				CLANG_ENABLE_MODULES = YES;
				CLANG_ENABLE_OBJC_ARC = YES;
				CLANG_ENABLE_OBJC_WEAK = YES;
				CLANG_WARN_BLOCK_CAPTURE_AUTORELEASING = YES;
				CLANG_WARN_BOOL_CONVERSION = YES;
				CLANG_WARN_COMMA = YES;
				CLANG_WARN_CONSTANT_CONVERSION = YES;
				CLANG_WARN_DEPRECATED_OBJC_IMPLEMENTATIONS = YES;
				CLANG_WARN_DIRECT_OBJC_ISA_USAGE = YES_ERROR;
				CLANG_WARN_DOCUMENTATION_COMMENTS = YES;
				CLANG_WARN_EMPTY_BODY = YES;
				CLANG_WARN_ENUM_CONVERSION = YES;
				CLANG_WARN_INFINITE_RECURSION = YES;
				CLANG_WARN_INT_CONVERSION = YES;
				CLANG_WARN_NON_LITERAL_NULL_CONVERSION = YES;
				CLANG_WARN_OBJC_IMPLICIT_RETAIN_SELF = YES;
				CLANG_WARN_OBJC_LITERAL_CONVERSION = YES;
				CLANG_WARN_OBJC_ROOT_CLASS = YES_ERROR;
				CLANG_WARN_QUOTED_INCLUDE_IN_FRAMEWORK_HEADER = YES;
				CLANG_WARN_RANGE_LOOP_ANALYSIS = YES;
				CLANG_WARN_STRICT_PROTOTYPES = YES;
				CLANG_WARN_SUSPICIOUS_MOVE = YES;
				CLANG_WARN_UNGUARDED_AVAILABILITY = YES_AGGRESSIVE;
				CLANG_WARN_UNREACHABLE_CODE = YES;
				CLANG_WARN__DUPLICATE_METHOD_MATCH = YES;
				COPY_PHASE_STRIP = NO;
				DEBUG_INFORMATION_FORMAT = "dwarf-with-dsym";
				ENABLE_NS_ASSERTIONS = NO;
				ENABLE_STRICT_OBJC_MSGSEND = YES;
				ENABLE_USER_SCRIPT_SANDBOXING = YES;
				GCC_C_LANGUAGE_STANDARD = gnu17;
				GCC_NO_COMMON_BLOCKS = YES;
				GCC_WARN_64_TO_32_BIT_CONVERSION = YES;
				GCC_WARN_ABOUT_RETURN_TYPE = YES_ERROR;
				GCC_WARN_UNDECLARED_SELECTOR = YES;
				GCC_WARN_UNINITIALIZED_AUTOS = YES_AGGRESSIVE;
				GCC_WARN_UNUSED_FUNCTION = YES;
				GCC_WARN_UNUSED_VARIABLE = YES;
				IPHONEOS_DEPLOYMENT_TARGET = 17.2;
				LOCALIZATION_PREFERS_STRING_CATALOGS = YES;
				MTL_ENABLE_DEBUG_INFO = NO;
				MTL_FAST_MATH = YES;
				SDKROOT = iphoneos;
				SWIFT_COMPILATION_MODE = wholemodule;
				VALIDATE_PRODUCT = YES;
			};
			name = Release;
		};
		63221E0E2BFF67C7005B1632 /* Debug */ = {
			isa = XCBuildConfiguration;
			buildSettings = {
				ASSETCATALOG_COMPILER_APPICON_NAME = AppIcon;
				ASSETCATALOG_COMPILER_GLOBAL_ACCENT_COLOR_NAME = AccentColor;
				CODE_SIGN_STYLE = Automatic;
				CURRENT_PROJECT_VERSION = 1;
				DEVELOPMENT_TEAM = GYUC5KPUTB;
				GENERATE_INFOPLIST_FILE = YES;
				INFOPLIST_FILE = "Weather Update/Info.plist";
				INFOPLIST_KEY_CFBundleDisplayName = "Weather Update";
				INFOPLIST_KEY_UIApplicationSupportsIndirectInputEvents = YES;
				INFOPLIST_KEY_UILaunchStoryboardName = LaunchScreen;
				INFOPLIST_KEY_UIMainStoryboardFile = Main;
				INFOPLIST_KEY_UISupportedInterfaceOrientations = UIInterfaceOrientationPortrait;
				INFOPLIST_KEY_UISupportedInterfaceOrientations_iPad = "UIInterfaceOrientationLandscapeLeft UIInterfaceOrientationLandscapeRight UIInterfaceOrientationPortrait UIInterfaceOrientationPortraitUpsideDown";
				IPHONEOS_DEPLOYMENT_TARGET = 17.6;
				LD_RUNPATH_SEARCH_PATHS = (
					"$(inherited)",
					"@executable_path/Frameworks",
				);
				MARKETING_VERSION = 1.0;
				PRODUCT_BUNDLE_IDENTIFIER = "com.ayush.Weather-Update";
				PRODUCT_NAME = "$(TARGET_NAME)";
				SWIFT_EMIT_LOC_STRINGS = YES;
				SWIFT_VERSION = 5.0;
				TARGETED_DEVICE_FAMILY = "1,2";
			};
			name = Debug;
		};
		63221E0F2BFF67C7005B1632 /* Release */ = {
			isa = XCBuildConfiguration;
			buildSettings = {
				ASSETCATALOG_COMPILER_APPICON_NAME = AppIcon;
				ASSETCATALOG_COMPILER_GLOBAL_ACCENT_COLOR_NAME = AccentColor;
				CODE_SIGN_STYLE = Automatic;
				CURRENT_PROJECT_VERSION = 1;
				DEVELOPMENT_TEAM = GYUC5KPUTB;
				GENERATE_INFOPLIST_FILE = YES;
				INFOPLIST_FILE = "Weather Update/Info.plist";
				INFOPLIST_KEY_CFBundleDisplayName = "Weather Update";
				INFOPLIST_KEY_UIApplicationSupportsIndirectInputEvents = YES;
				INFOPLIST_KEY_UILaunchStoryboardName = LaunchScreen;
				INFOPLIST_KEY_UIMainStoryboardFile = Main;
				INFOPLIST_KEY_UISupportedInterfaceOrientations = UIInterfaceOrientationPortrait;
				INFOPLIST_KEY_UISupportedInterfaceOrientations_iPad = "UIInterfaceOrientationLandscapeLeft UIInterfaceOrientationLandscapeRight UIInterfaceOrientationPortrait UIInterfaceOrientationPortraitUpsideDown";
				IPHONEOS_DEPLOYMENT_TARGET = 17.6;
				LD_RUNPATH_SEARCH_PATHS = (
					"$(inherited)",
					"@executable_path/Frameworks",
				);
				MARKETING_VERSION = 1.0;
				PRODUCT_BUNDLE_IDENTIFIER = "com.ayush.Weather-Update";
				PRODUCT_NAME = "$(TARGET_NAME)";
				SWIFT_EMIT_LOC_STRINGS = YES;
				SWIFT_VERSION = 5.0;
				TARGETED_DEVICE_FAMILY = "1,2";
			};
			name = Release;
		};
/* End XCBuildConfiguration section */

/* Begin XCConfigurationList section */
		63221DF42BFF67C6005B1632 /* Build configuration list for PBXProject "Weather Update" */ = {
			isa = XCConfigurationList;
			buildConfigurations = (
				63221E0B2BFF67C7005B1632 /* Debug */,
				63221E0C2BFF67C7005B1632 /* Release */,
			);
			defaultConfigurationIsVisible = 0;
			defaultConfigurationName = Release;
		};
		63221E0D2BFF67C7005B1632 /* Build configuration list for PBXNativeTarget "Weather Update" */ = {
			isa = XCConfigurationList;
			buildConfigurations = (
				63221E0E2BFF67C7005B1632 /* Debug */,
				63221E0F2BFF67C7005B1632 /* Release */,
			);
			defaultConfigurationIsVisible = 0;
			defaultConfigurationName = Release;
		};
/* End XCConfigurationList section */
	};
	rootObject = 63221DF12BFF67C6005B1632 /* Project object */;
}
